
Microsoft Visual Studio Solution File, Format Version 12.00
# Visual Studio Version 17
VisualStudioVersion = 17.8.34511.84
MinimumVisualStudioVersion = 10.0.40219.1
Project("{2150E333-8FDC-42A3-9474-1A3956D46DE8}") = "src", "src", "{65DDF4B7-2B5B-40FF-A57D-FA7D6212D739}"
EndProject
Project("{2150E333-8FDC-42A3-9474-1A3956D46DE8}") = "test", "test", "{B468FBE0-C433-4BB5-8747-50987F220FCE}"
EndProject
Project("{2150E333-8FDC-42A3-9474-1A3956D46DE8}") = "API", "API", "{92F8FBBF-D979-4624-9E67-9E7FC833BB87}"
EndProject
Project("{2150E333-8FDC-42A3-9474-1A3956D46DE8}") = "Core", "Core", "{C7FF5CE4-44CE-410E-8043-33C6C34E0D5F}"
EndProject
Project("{2150E333-8FDC-42A3-9474-1A3956D46DE8}") = "Infrastructure", "Infrastructure", "{52C26310-96DA-4F3F-A7E1-6EF12FFF0028}"
EndProject
Project("{2150E333-8FDC-42A3-9474-1A3956D46DE8}") = "UI", "UI", "{DD7147F0-EF2E-4DA7-98BE-6719F228252B}"
EndProject
Project("{9A19103F-16F7-4668-BE54-9A1E7A4F7556}") = "HR.LeaveManagement.Domain", "HR.LeaveManagement.Domain\HR.LeaveManagement.Domain.csproj", "{DFA53141-1E6B-4573-8A41-D7713E358112}"
EndProject
Project("{9A19103F-16F7-4668-BE54-9A1E7A4F7556}") = "HR.LeaveManagement.Application", "HR.LeaveManagement.Application\HR.LeaveManagement.Application.csproj", "{7F25D325-E6AD-41D2-9ABA-7182099DC11F}"
EndProject
Project("{2150E333-8FDC-42A3-9474-1A3956D46DE8}") = "Solution Items", "Solution Items", "{BD97286F-0143-4C91-9CED-5A48CA209956}"
	ProjectSection(SolutionItems) = preProject
		.gitignore = .gitignore
	EndProjectSection
EndProject
Project("{9A19103F-16F7-4668-BE54-9A1E7A4F7556}") = "HR.LeaveManagement.Persistence", "HR.LeaveManagement.Persistence\HR.LeaveManagement.Persistence.csproj", "{0556F0F4-1BE3-4C5E-89B4-034D8F3561C7}"
EndProject
Project("{9A19103F-16F7-4668-BE54-9A1E7A4F7556}") = "HR.LeaveManagement.Infrastructure", "HR.LeaveManagement.Infrastructure\HR.LeaveManagement.Infrastructure.csproj", "{4F8F530C-C47D-4DEB-BAD6-522F1E034FCE}"
EndProject
Project("{9A19103F-16F7-4668-BE54-9A1E7A4F7556}") = "HR.LeaveManagement.Api", "HR.LeaveManagement.Api\HR.LeaveManagement.Api.csproj", "{74A067E0-9F50-4CB2-8B1A-2E63DFCEA80B}"
EndProject
Project("{9A19103F-16F7-4668-BE54-9A1E7A4F7556}") = "HR.LeaveManagement.Application.UnitTests", "HR.LeaveManagement.Application.UnitTests\HR.LeaveManagement.Application.UnitTests.csproj", "{217F37E5-058E-48DC-A8E2-B7C8972CD071}"
EndProject
Project("{9A19103F-16F7-4668-BE54-9A1E7A4F7556}") = "HR.LeaveManagement.Persistence.IntegrationTests", "HR.LeaveManagement.Persistence.IntegrationTests\HR.LeaveManagement.Persistence.IntegrationTests.csproj", "{FF8C9D2B-62F2-42CB-8EF2-23B558050B80}"
EndProject
Project("{9A19103F-16F7-4668-BE54-9A1E7A4F7556}") = "HR.LeaveManagement.BlazorUI", "HR.LeaveManagement.BlazorUI\HR.LeaveManagement.BlazorUI.csproj", "{1F8A9FD9-4F1F-415E-886F-B18FD2CDB27D}"
EndProject
Project("{FAE04EC0-301F-11D3-BF4B-00C04F79EFBC}") = "HR.LeaveManagement.Identity", "HR.LeaveManagement.Identity\HR.LeaveManagement.Identity.csproj", "{3DB1D981-9AE6-483F-A9EF-CFA94F97B4CA}"
EndProject
Global
	GlobalSection(SolutionConfigurationPlatforms) = preSolution
		Debug|Any CPU = Debug|Any CPU
		Release|Any CPU = Release|Any CPU
	EndGlobalSection
	GlobalSection(ProjectConfigurationPlatforms) = postSolution
		{DFA53141-1E6B-4573-8A41-D7713E358112}.Debug|Any CPU.ActiveCfg = Debug|Any CPU
		{DFA53141-1E6B-4573-8A41-D7713E358112}.Debug|Any CPU.Build.0 = Debug|Any CPU
		{DFA53141-1E6B-4573-8A41-D7713E358112}.Release|Any CPU.ActiveCfg = Release|Any CPU
		{DFA53141-1E6B-4573-8A41-D7713E358112}.Release|Any CPU.Build.0 = Release|Any CPU
		{7F25D325-E6AD-41D2-9ABA-7182099DC11F}.Debug|Any CPU.ActiveCfg = Debug|Any CPU
		{7F25D325-E6AD-41D2-9ABA-7182099DC11F}.Debug|Any CPU.Build.0 = Debug|Any CPU
		{7F25D325-E6AD-41D2-9ABA-7182099DC11F}.Release|Any CPU.ActiveCfg = Release|Any CPU
		{7F25D325-E6AD-41D2-9ABA-7182099DC11F}.Release|Any CPU.Build.0 = Release|Any CPU
		{0556F0F4-1BE3-4C5E-89B4-034D8F3561C7}.Debug|Any CPU.ActiveCfg = Debug|Any CPU
		{0556F0F4-1BE3-4C5E-89B4-034D8F3561C7}.Debug|Any CPU.Build.0 = Debug|Any CPU
		{0556F0F4-1BE3-4C5E-89B4-034D8F3561C7}.Release|Any CPU.ActiveCfg = Release|Any CPU
		{0556F0F4-1BE3-4C5E-89B4-034D8F3561C7}.Release|Any CPU.Build.0 = Release|Any CPU
		{4F8F530C-C47D-4DEB-BAD6-522F1E034FCE}.Debug|Any CPU.ActiveCfg = Debug|Any CPU
		{4F8F530C-C47D-4DEB-BAD6-522F1E034FCE}.Debug|Any CPU.Build.0 = Debug|Any CPU
		{4F8F530C-C47D-4DEB-BAD6-522F1E034FCE}.Release|Any CPU.ActiveCfg = Release|Any CPU
		{4F8F530C-C47D-4DEB-BAD6-522F1E034FCE}.Release|Any CPU.Build.0 = Release|Any CPU
		{74A067E0-9F50-4CB2-8B1A-2E63DFCEA80B}.Debug|Any CPU.ActiveCfg = Debug|Any CPU
		{74A067E0-9F50-4CB2-8B1A-2E63DFCEA80B}.Debug|Any CPU.Build.0 = Debug|Any CPU
		{74A067E0-9F50-4CB2-8B1A-2E63DFCEA80B}.Release|Any CPU.ActiveCfg = Release|Any CPU
		{74A067E0-9F50-4CB2-8B1A-2E63DFCEA80B}.Release|Any CPU.Build.0 = Release|Any CPU
		{217F37E5-058E-48DC-A8E2-B7C8972CD071}.Debug|Any CPU.ActiveCfg = Debug|Any CPU
		{217F37E5-058E-48DC-A8E2-B7C8972CD071}.Debug|Any CPU.Build.0 = Debug|Any CPU
		{217F37E5-058E-48DC-A8E2-B7C8972CD071}.Release|Any CPU.ActiveCfg = Release|Any CPU
		{217F37E5-058E-48DC-A8E2-B7C8972CD071}.Release|Any CPU.Build.0 = Release|Any CPU
		{FF8C9D2B-62F2-42CB-8EF2-23B558050B80}.Debug|Any CPU.ActiveCfg = Debug|Any CPU
		{FF8C9D2B-62F2-42CB-8EF2-23B558050B80}.Debug|Any CPU.Build.0 = Debug|Any CPU
		{FF8C9D2B-62F2-42CB-8EF2-23B558050B80}.Release|Any CPU.ActiveCfg = Release|Any CPU
		{FF8C9D2B-62F2-42CB-8EF2-23B558050B80}.Release|Any CPU.Build.0 = Release|Any CPU
		{1F8A9FD9-4F1F-415E-886F-B18FD2CDB27D}.Debug|Any CPU.ActiveCfg = Debug|Any CPU
		{1F8A9FD9-4F1F-415E-886F-B18FD2CDB27D}.Debug|Any CPU.Build.0 = Debug|Any CPU
		{1F8A9FD9-4F1F-415E-886F-B18FD2CDB27D}.Release|Any CPU.ActiveCfg = Release|Any CPU
		{1F8A9FD9-4F1F-415E-886F-B18FD2CDB27D}.Release|Any CPU.Build.0 = Release|Any CPU
		{3DB1D981-9AE6-483F-A9EF-CFA94F97B4CA}.Debug|Any CPU.ActiveCfg = Debug|Any CPU
		{3DB1D981-9AE6-483F-A9EF-CFA94F97B4CA}.Debug|Any CPU.Build.0 = Debug|Any CPU
		{3DB1D981-9AE6-483F-A9EF-CFA94F97B4CA}.Release|Any CPU.ActiveCfg = Release|Any CPU
		{3DB1D981-9AE6-483F-A9EF-CFA94F97B4CA}.Release|Any CPU.Build.0 = Release|Any CPU
	EndGlobalSection
	GlobalSection(SolutionProperties) = preSolution
		HideSolutionNode = FALSE
	EndGlobalSection
	GlobalSection(NestedProjects) = preSolution
		{92F8FBBF-D979-4624-9E67-9E7FC833BB87} = {65DDF4B7-2B5B-40FF-A57D-FA7D6212D739}
		{C7FF5CE4-44CE-410E-8043-33C6C34E0D5F} = {65DDF4B7-2B5B-40FF-A57D-FA7D6212D739}
		{52C26310-96DA-4F3F-A7E1-6EF12FFF0028} = {65DDF4B7-2B5B-40FF-A57D-FA7D6212D739}
		{DD7147F0-EF2E-4DA7-98BE-6719F228252B} = {65DDF4B7-2B5B-40FF-A57D-FA7D6212D739}
		{DFA53141-1E6B-4573-8A41-D7713E358112} = {C7FF5CE4-44CE-410E-8043-33C6C34E0D5F}
		{7F25D325-E6AD-41D2-9ABA-7182099DC11F} = {C7FF5CE4-44CE-410E-8043-33C6C34E0D5F}
		{0556F0F4-1BE3-4C5E-89B4-034D8F3561C7} = {52C26310-96DA-4F3F-A7E1-6EF12FFF0028}
		{4F8F530C-C47D-4DEB-BAD6-522F1E034FCE} = {52C26310-96DA-4F3F-A7E1-6EF12FFF0028}
		{74A067E0-9F50-4CB2-8B1A-2E63DFCEA80B} = {92F8FBBF-D979-4624-9E67-9E7FC833BB87}
		{217F37E5-058E-48DC-A8E2-B7C8972CD071} = {B468FBE0-C433-4BB5-8747-50987F220FCE}
		{FF8C9D2B-62F2-42CB-8EF2-23B558050B80} = {B468FBE0-C433-4BB5-8747-50987F220FCE}
		{1F8A9FD9-4F1F-415E-886F-B18FD2CDB27D} = {DD7147F0-EF2E-4DA7-98BE-6719F228252B}
		{3DB1D981-9AE6-483F-A9EF-CFA94F97B4CA} = {52C26310-96DA-4F3F-A7E1-6EF12FFF0028}
	EndGlobalSection
	GlobalSection(ExtensibilityGlobals) = postSolution
		SolutionGuid = {23210F19-25B5-42BD-AF26-EF179D6A205C}
	EndGlobalSection
EndGlobal
